{
    "version": 3,
    "terraform_version": "0.9.11",
    "serial": 0,
    "lineage": "d0857419-9ec1-49c1-9263-aa1467565904",
    "modules": [
        {
            "path": [
                "root"
            ],
            "outputs": {},
            "resources": {},
            "depends_on": []
        },
        {
            "path": [
                "root",
                "control-nodes"
            ],
            "outputs": {},
            "resources": {
                "aws_ebs_volume.ebs": {
                    "type": "aws_ebs_volume",
                    "depends_on": [],
                    "primary": {
                        "id": "vol-0d48e03eec0e0f4c9",
                        "attributes": {
                            "availability_zone": "us-west-2a",
                            "encrypted": "false",
                            "id": "vol-0d48e03eec0e0f4c9",
                            "size": "20",
                            "snapshot_id": "",
                            "tags.%": "2",
                            "tags.KubernetesCluster": "mantl",
                            "tags.Name": "mantl-control-lvm-01",
                            "type": "gp2"
                        },
                        "meta": {},
                        "tainted": false
                    },
                    "deposed": [],
                    "provider": ""
                }
            },
            "depends_on": []
        },
        {
            "path": [
                "root",
                "edge-nodes"
            ],
            "outputs": {
                "ec2_ids": {
                    "sensitive": false,
                    "type": "string",
                    "value": ""
                },
                "ec2_ips": {
                    "sensitive": false,
                    "type": "string",
                    "value": ""
                },
                "hostname_list": {
                    "sensitive": false,
                    "type": "string",
                    "value": ""
                }
            },
            "resources": {},
            "depends_on": []
        },
        {
            "path": [
                "root",
                "iam-profiles"
            ],
            "outputs": {
                "control_iam_instance_profile": {
                    "sensitive": false,
                    "type": "string",
                    "value": "mantl-control-profile"
                },
                "worker_iam_instance_profile": {
                    "sensitive": false,
                    "type": "string",
                    "value": "mantl-worker-profile"
                }
            },
            "resources": {
                "aws_iam_instance_profile.control_profile": {
                    "type": "aws_iam_instance_profile",
                    "depends_on": [
                        "aws_iam_role.control_role"
                    ],
                    "primary": {
                        "id": "mantl-control-profile",
                        "attributes": {
                            "arn": "arn:aws:iam::186454388355:instance-profile/mantl-control-profile",
                            "id": "mantl-control-profile",
                            "name": "mantl-control-profile",
                            "path": "/",
                            "role": "mantl-control-role",
                            "roles.#": "0",
                            "unique_id": "AIPAIO46YYSUIHHQXKPJC"
                        },
                        "meta": {},
                        "tainted": false
                    },
                    "deposed": [],
                    "provider": ""
                },
                "aws_iam_instance_profile.worker_profile": {
                    "type": "aws_iam_instance_profile",
                    "depends_on": [
                        "aws_iam_role.worker_role"
                    ],
                    "primary": {
                        "id": "mantl-worker-profile",
                        "attributes": {
                            "arn": "arn:aws:iam::186454388355:instance-profile/mantl-worker-profile",
                            "id": "mantl-worker-profile",
                            "name": "mantl-worker-profile",
                            "path": "/",
                            "role": "mantl-worker-role",
                            "roles.#": "0",
                            "unique_id": "AIPAJEC74NCPTHO7XXYF2"
                        },
                        "meta": {},
                        "tainted": false
                    },
                    "deposed": [],
                    "provider": ""
                },
                "aws_iam_role.control_role": {
                    "type": "aws_iam_role",
                    "depends_on": [],
                    "primary": {
                        "id": "mantl-control-role",
                        "attributes": {
                            "arn": "arn:aws:iam::186454388355:role/mantl-control-role",
                            "assume_role_policy": "{\"Version\":\"2012-10-17\",\"Statement\":[{\"Effect\":\"Allow\",\"Principal\":{\"Service\":\"ec2.amazonaws.com\"},\"Action\":\"sts:AssumeRole\"}]}",
                            "create_date": "2018-04-26T18:11:05Z",
                            "id": "mantl-control-role",
                            "name": "mantl-control-role",
                            "path": "/",
                            "unique_id": "AROAI5L3CU7KKUULXL5N4"
                        },
                        "meta": {},
                        "tainted": false
                    },
                    "deposed": [],
                    "provider": ""
                },
                "aws_iam_role.worker_role": {
                    "type": "aws_iam_role",
                    "depends_on": [],
                    "primary": {
                        "id": "mantl-worker-role",
                        "attributes": {
                            "arn": "arn:aws:iam::186454388355:role/mantl-worker-role",
                            "assume_role_policy": "{\"Version\":\"2012-10-17\",\"Statement\":[{\"Effect\":\"Allow\",\"Principal\":{\"Service\":\"ec2.amazonaws.com\"},\"Action\":\"sts:AssumeRole\"}]}",
                            "create_date": "2018-04-26T18:11:05Z",
                            "id": "mantl-worker-role",
                            "name": "mantl-worker-role",
                            "path": "/",
                            "unique_id": "AROAICUALBHP74GYQKUYO"
                        },
                        "meta": {},
                        "tainted": false
                    },
                    "deposed": [],
                    "provider": ""
                },
                "aws_iam_role_policy.control_policy": {
                    "type": "aws_iam_role_policy",
                    "depends_on": [
                        "aws_iam_role.control_role"
                    ],
                    "primary": {
                        "id": "mantl-control-role:mantl-control-policy",
                        "attributes": {
                            "id": "mantl-control-role:mantl-control-policy",
                            "name": "mantl-control-policy",
                            "policy": "{\n  \"Version\": \"2012-10-17\",\n  \"Statement\": [\n    {\n      \"Effect\": \"Allow\",\n      \"Action\": [\"ec2:*\"],\n      \"Resource\": [\"*\"]\n    },\n    {\n      \"Effect\": \"Allow\",\n      \"Action\": [\"elasticloadbalancing:*\"],\n      \"Resource\": [\"*\"]\n    },\n    {\n      \"Effect\": \"Allow\",\n      \"Action\": [\"route53:*\"],\n      \"Resource\": [\"*\"]\n    }\n  ]\n}\n",
                            "role": "mantl-control-role"
                        },
                        "meta": {},
                        "tainted": false
                    },
                    "deposed": [],
                    "provider": ""
                },
                "aws_iam_role_policy.worker_policy": {
                    "type": "aws_iam_role_policy",
                    "depends_on": [
                        "aws_iam_role.worker_role"
                    ],
                    "primary": {
                        "id": "mantl-worker-role:mantl-worker-policy",
                        "attributes": {
                            "id": "mantl-worker-role:mantl-worker-policy",
                            "name": "mantl-worker-policy",
                            "policy": "{\n  \"Version\": \"2012-10-17\",\n  \"Statement\": [\n    {\n      \"Effect\": \"Allow\",\n      \"Action\": \"ec2:Describe*\",\n      \"Resource\": \"*\"\n    },\n    {\n      \"Effect\": \"Allow\",\n      \"Action\": \"ec2:AttachVolume\",\n      \"Resource\": \"*\"\n    },\n    {\n      \"Effect\": \"Allow\",\n      \"Action\": \"ec2:DetachVolume\",\n      \"Resource\": \"*\"\n    },\n    {\n      \"Effect\": \"Allow\",\n      \"Action\": [\"route53:*\"],\n      \"Resource\": [\"*\"]\n    },\n    {\n      \"Effect\": \"Allow\",\n      \"Action\": [\n        \"ecr:GetAuthorizationToken\",\n        \"ecr:BatchCheckLayerAvailability\",\n        \"ecr:GetDownloadUrlForLayer\",\n        \"ecr:GetRepositoryPolicy\",\n        \"ecr:DescribeRepositories\",\n        \"ecr:ListImages\",\n        \"ecr:BatchGetImage\"\n      ],\n      \"Resource\": \"*\"\n    }\n  ]\n}\n",
                            "role": "mantl-worker-role"
                        },
                        "meta": {},
                        "tainted": false
                    },
                    "deposed": [],
                    "provider": ""
                }
            },
            "depends_on": []
        },
        {
            "path": [
                "root",
                "kubeworker-nodes"
            ],
            "outputs": {
                "ec2_ids": {
                    "sensitive": false,
                    "type": "string",
                    "value": ""
                },
                "ec2_ips": {
                    "sensitive": false,
                    "type": "string",
                    "value": ""
                },
                "hostname_list": {
                    "sensitive": false,
                    "type": "string",
                    "value": ""
                }
            },
            "resources": {},
            "depends_on": []
        },
        {
            "path": [
                "root",
                "route53"
            ],
            "outputs": {
                "edge_fqdn": {
                    "sensitive": false,
                    "type": "string",
                    "value": ""
                },
                "worker_fqdn": {
                    "sensitive": false,
                    "type": "string",
                    "value": ""
                }
            },
            "resources": {},
            "depends_on": []
        },
        {
            "path": [
                "root",
                "security-groups"
            ],
            "outputs": {
                "control_security_group": {
                    "sensitive": false,
                    "type": "string",
                    "value": "sg-893779f7"
                },
                "edge_security_group": {
                    "sensitive": false,
                    "type": "string",
                    "value": "sg-3c377942"
                },
                "ui_security_group": {
                    "sensitive": false,
                    "type": "string",
                    "value": "sg-823876fc"
                },
                "worker_security_group": {
                    "sensitive": false,
                    "type": "string",
                    "value": "sg-5e3b7520"
                }
            },
            "resources": {
                "aws_security_group.control": {
                    "type": "aws_security_group",
                    "depends_on": [],
                    "primary": {
                        "id": "sg-893779f7",
                        "attributes": {
                            "description": "Allow inbound traffic for control nodes",
                            "egress.#": "0",
                            "id": "sg-893779f7",
                            "ingress.#": "6",
                            "ingress.137880784.cidr_blocks.#": "1",
                            "ingress.137880784.cidr_blocks.0": "0.0.0.0/0",
                            "ingress.137880784.from_port": "5050",
                            "ingress.137880784.ipv6_cidr_blocks.#": "0",
                            "ingress.137880784.protocol": "tcp",
                            "ingress.137880784.security_groups.#": "0",
                            "ingress.137880784.self": "false",
                            "ingress.137880784.to_port": "5050",
                            "ingress.1799340084.cidr_blocks.#": "1",
                            "ingress.1799340084.cidr_blocks.0": "0.0.0.0/0",
                            "ingress.1799340084.from_port": "-1",
                            "ingress.1799340084.ipv6_cidr_blocks.#": "0",
                            "ingress.1799340084.protocol": "icmp",
                            "ingress.1799340084.security_groups.#": "0",
                            "ingress.1799340084.self": "false",
                            "ingress.1799340084.to_port": "-1",
                            "ingress.2541437006.cidr_blocks.#": "1",
                            "ingress.2541437006.cidr_blocks.0": "0.0.0.0/0",
                            "ingress.2541437006.from_port": "22",
                            "ingress.2541437006.ipv6_cidr_blocks.#": "0",
                            "ingress.2541437006.protocol": "tcp",
                            "ingress.2541437006.security_groups.#": "0",
                            "ingress.2541437006.self": "false",
                            "ingress.2541437006.to_port": "22",
                            "ingress.3482902040.cidr_blocks.#": "1",
                            "ingress.3482902040.cidr_blocks.0": "0.0.0.0/0",
                            "ingress.3482902040.from_port": "8500",
                            "ingress.3482902040.ipv6_cidr_blocks.#": "0",
                            "ingress.3482902040.protocol": "tcp",
                            "ingress.3482902040.security_groups.#": "0",
                            "ingress.3482902040.self": "false",
                            "ingress.3482902040.to_port": "8500",
                            "ingress.516175195.cidr_blocks.#": "1",
                            "ingress.516175195.cidr_blocks.0": "0.0.0.0/0",
                            "ingress.516175195.from_port": "8080",
                            "ingress.516175195.ipv6_cidr_blocks.#": "0",
                            "ingress.516175195.protocol": "tcp",
                            "ingress.516175195.security_groups.#": "0",
                            "ingress.516175195.self": "false",
                            "ingress.516175195.to_port": "8080",
                            "ingress.871967094.cidr_blocks.#": "1",
                            "ingress.871967094.cidr_blocks.0": "0.0.0.0/0",
                            "ingress.871967094.from_port": "4400",
                            "ingress.871967094.ipv6_cidr_blocks.#": "0",
                            "ingress.871967094.protocol": "tcp",
                            "ingress.871967094.security_groups.#": "0",
                            "ingress.871967094.self": "false",
                            "ingress.871967094.to_port": "4400",
                            "name": "mantl-control",
                            "owner_id": "186454388355",
                            "tags.%": "1",
                            "tags.KubernetesCluster": "mantl",
                            "vpc_id": "vpc-70240509"
                        },
                        "meta": {},
                        "tainted": false
                    },
                    "deposed": [],
                    "provider": ""
                },
                "aws_security_group.edge": {
                    "type": "aws_security_group",
                    "depends_on": [],
                    "primary": {
                        "id": "sg-3c377942",
                        "attributes": {
                            "description": "Allow inbound traffic for edge routing",
                            "egress.#": "0",
                            "id": "sg-3c377942",
                            "ingress.#": "3",
                            "ingress.2214680975.cidr_blocks.#": "1",
                            "ingress.2214680975.cidr_blocks.0": "0.0.0.0/0",
                            "ingress.2214680975.from_port": "80",
                            "ingress.2214680975.ipv6_cidr_blocks.#": "0",
                            "ingress.2214680975.protocol": "tcp",
                            "ingress.2214680975.security_groups.#": "0",
                            "ingress.2214680975.self": "false",
                            "ingress.2214680975.to_port": "80",
                            "ingress.2541437006.cidr_blocks.#": "1",
                            "ingress.2541437006.cidr_blocks.0": "0.0.0.0/0",
                            "ingress.2541437006.from_port": "22",
                            "ingress.2541437006.ipv6_cidr_blocks.#": "0",
                            "ingress.2541437006.protocol": "tcp",
                            "ingress.2541437006.security_groups.#": "0",
                            "ingress.2541437006.self": "false",
                            "ingress.2541437006.to_port": "22",
                            "ingress.2617001939.cidr_blocks.#": "1",
                            "ingress.2617001939.cidr_blocks.0": "0.0.0.0/0",
                            "ingress.2617001939.from_port": "443",
                            "ingress.2617001939.ipv6_cidr_blocks.#": "0",
                            "ingress.2617001939.protocol": "tcp",
                            "ingress.2617001939.security_groups.#": "0",
                            "ingress.2617001939.self": "false",
                            "ingress.2617001939.to_port": "443",
                            "name": "mantl-edge",
                            "owner_id": "186454388355",
                            "tags.%": "1",
                            "tags.KubernetesCluster": "mantl",
                            "vpc_id": "vpc-70240509"
                        },
                        "meta": {},
                        "tainted": false
                    },
                    "deposed": [],
                    "provider": ""
                },
                "aws_security_group.ui": {
                    "type": "aws_security_group",
                    "depends_on": [],
                    "primary": {
                        "id": "sg-823876fc",
                        "attributes": {
                            "description": "Allow inbound traffic for Mantl UI",
                            "egress.#": "0",
                            "id": "sg-823876fc",
                            "ingress.#": "3",
                            "ingress.2214680975.cidr_blocks.#": "1",
                            "ingress.2214680975.cidr_blocks.0": "0.0.0.0/0",
                            "ingress.2214680975.from_port": "80",
                            "ingress.2214680975.ipv6_cidr_blocks.#": "0",
                            "ingress.2214680975.protocol": "tcp",
                            "ingress.2214680975.security_groups.#": "0",
                            "ingress.2214680975.self": "false",
                            "ingress.2214680975.to_port": "80",
                            "ingress.2617001939.cidr_blocks.#": "1",
                            "ingress.2617001939.cidr_blocks.0": "0.0.0.0/0",
                            "ingress.2617001939.from_port": "443",
                            "ingress.2617001939.ipv6_cidr_blocks.#": "0",
                            "ingress.2617001939.protocol": "tcp",
                            "ingress.2617001939.security_groups.#": "0",
                            "ingress.2617001939.self": "false",
                            "ingress.2617001939.to_port": "443",
                            "ingress.3482902040.cidr_blocks.#": "1",
                            "ingress.3482902040.cidr_blocks.0": "0.0.0.0/0",
                            "ingress.3482902040.from_port": "8500",
                            "ingress.3482902040.ipv6_cidr_blocks.#": "0",
                            "ingress.3482902040.protocol": "tcp",
                            "ingress.3482902040.security_groups.#": "0",
                            "ingress.3482902040.self": "false",
                            "ingress.3482902040.to_port": "8500",
                            "name": "mantl-ui",
                            "owner_id": "186454388355",
                            "tags.%": "1",
                            "tags.KubernetesCluster": "mantl",
                            "vpc_id": "vpc-70240509"
                        },
                        "meta": {},
                        "tainted": false
                    },
                    "deposed": [],
                    "provider": ""
                },
                "aws_security_group.worker": {
                    "type": "aws_security_group",
                    "depends_on": [],
                    "primary": {
                        "id": "sg-5e3b7520",
                        "attributes": {
                            "description": "Allow inbound traffic for worker nodes",
                            "egress.#": "0",
                            "id": "sg-5e3b7520",
                            "ingress.#": "7",
                            "ingress.137880784.cidr_blocks.#": "1",
                            "ingress.137880784.cidr_blocks.0": "0.0.0.0/0",
                            "ingress.137880784.from_port": "5050",
                            "ingress.137880784.ipv6_cidr_blocks.#": "0",
                            "ingress.137880784.protocol": "tcp",
                            "ingress.137880784.security_groups.#": "0",
                            "ingress.137880784.self": "false",
                            "ingress.137880784.to_port": "5050",
                            "ingress.1799340084.cidr_blocks.#": "1",
                            "ingress.1799340084.cidr_blocks.0": "0.0.0.0/0",
                            "ingress.1799340084.from_port": "-1",
                            "ingress.1799340084.ipv6_cidr_blocks.#": "0",
                            "ingress.1799340084.protocol": "icmp",
                            "ingress.1799340084.security_groups.#": "0",
                            "ingress.1799340084.self": "false",
                            "ingress.1799340084.to_port": "-1",
                            "ingress.2214680975.cidr_blocks.#": "1",
                            "ingress.2214680975.cidr_blocks.0": "0.0.0.0/0",
                            "ingress.2214680975.from_port": "80",
                            "ingress.2214680975.ipv6_cidr_blocks.#": "0",
                            "ingress.2214680975.protocol": "tcp",
                            "ingress.2214680975.security_groups.#": "0",
                            "ingress.2214680975.self": "false",
                            "ingress.2214680975.to_port": "80",
                            "ingress.2541437006.cidr_blocks.#": "1",
                            "ingress.2541437006.cidr_blocks.0": "0.0.0.0/0",
                            "ingress.2541437006.from_port": "22",
                            "ingress.2541437006.ipv6_cidr_blocks.#": "0",
                            "ingress.2541437006.protocol": "tcp",
                            "ingress.2541437006.security_groups.#": "0",
                            "ingress.2541437006.self": "false",
                            "ingress.2541437006.to_port": "22",
                            "ingress.2617001939.cidr_blocks.#": "1",
                            "ingress.2617001939.cidr_blocks.0": "0.0.0.0/0",
                            "ingress.2617001939.from_port": "443",
                            "ingress.2617001939.ipv6_cidr_blocks.#": "0",
                            "ingress.2617001939.protocol": "tcp",
                            "ingress.2617001939.security_groups.#": "0",
                            "ingress.2617001939.self": "false",
                            "ingress.2617001939.to_port": "443",
                            "ingress.3482902040.cidr_blocks.#": "1",
                            "ingress.3482902040.cidr_blocks.0": "0.0.0.0/0",
                            "ingress.3482902040.from_port": "8500",
                            "ingress.3482902040.ipv6_cidr_blocks.#": "0",
                            "ingress.3482902040.protocol": "tcp",
                            "ingress.3482902040.security_groups.#": "0",
                            "ingress.3482902040.self": "false",
                            "ingress.3482902040.to_port": "8500",
                            "ingress.516175195.cidr_blocks.#": "1",
                            "ingress.516175195.cidr_blocks.0": "0.0.0.0/0",
                            "ingress.516175195.from_port": "8080",
                            "ingress.516175195.ipv6_cidr_blocks.#": "0",
                            "ingress.516175195.protocol": "tcp",
                            "ingress.516175195.security_groups.#": "0",
                            "ingress.516175195.self": "false",
                            "ingress.516175195.to_port": "8080",
                            "name": "mantl-worker",
                            "owner_id": "186454388355",
                            "tags.%": "1",
                            "tags.KubernetesCluster": "mantl",
                            "vpc_id": "vpc-70240509"
                        },
                        "meta": {},
                        "tainted": false
                    },
                    "deposed": [],
                    "provider": ""
                }
            },
            "depends_on": []
        },
        {
            "path": [
                "root",
                "ssh-key"
            ],
            "outputs": {
                "ssh_key_name": {
                    "sensitive": false,
                    "type": "string",
                    "value": "key-mantl"
                }
            },
            "resources": {
                "aws_key_pair.deployer": {
                    "type": "aws_key_pair",
                    "depends_on": [],
                    "primary": {
                        "id": "key-mantl",
                        "attributes": {
                            "id": "key-mantl",
                            "key_name": "key-mantl",
                            "public_key": "ssh-rsa AAAAB3NzaC1yc2EAAAADAQABAAABAQDh/pa8IkN1vfFIIgjYoD0pTd7QQvzNpG9aI80xGdX+CukGiHl1tFDDDz8atE/3pT25zGhXqlryl2yB54iknP48eiIpg8Pgn5zrNNbeJqBhIFmpuLIMPKpgnSSnYUoqGeCGiTWwEnQM2DRJt8RDvQch6Akw3+XiUhc4PlYDGzU4CptuDLz03PJGg85tEQA+4Kthr5mu16rtr0jg1VumLhs67d54ZVPI0HnK5Nc3a4qXvEtqPwYq7ecaPE7AqWb/UJshakKp05OjL6JXExAviIZ8Tro2GJMj3hfQA4rdnWSQ599lwm/crJXG5fLfdxVTkyQVQCGq/c3FKvpXtR5eL26p hongqizhang@hongqis-MacBook-Pro.local"
                        },
                        "meta": {
                            "schema_version": "1"
                        },
                        "tainted": false
                    },
                    "deposed": [],
                    "provider": ""
                }
            },
            "depends_on": []
        },
        {
            "path": [
                "root",
                "vpc"
            ],
            "outputs": {
                "availability_zones": {
                    "sensitive": false,
                    "type": "string",
                    "value": "us-west-2a,us-west-2b,us-west-2c"
                },
                "default_security_group": {
                    "sensitive": false,
                    "type": "string",
                    "value": "sg-3139774f"
                },
                "subnet_ids": {
                    "sensitive": false,
                    "type": "string",
                    "value": "subnet-e24de0a9,subnet-b96deec0,subnet-98f493c2"
                },
                "vpc_id": {
                    "sensitive": false,
                    "type": "string",
                    "value": "vpc-70240509"
                }
            },
            "resources": {
                "aws_internet_gateway.main": {
                    "type": "aws_internet_gateway",
                    "depends_on": [
                        "aws_vpc.main"
                    ],
                    "primary": {
                        "id": "igw-5bbbcb3d",
                        "attributes": {
                            "id": "igw-5bbbcb3d",
                            "tags.%": "2",
                            "tags.KubernetesCluster": "mantl",
                            "tags.Name": "mantl",
                            "vpc_id": "vpc-70240509"
                        },
                        "meta": {},
                        "tainted": false
                    },
                    "deposed": [],
                    "provider": ""
                },
                "aws_main_route_table_association.main": {
                    "type": "aws_main_route_table_association",
                    "depends_on": [
                        "aws_route_table.main",
                        "aws_vpc.main"
                    ],
                    "primary": {
                        "id": "rtbassoc-690b7313",
                        "attributes": {
                            "id": "rtbassoc-690b7313",
                            "original_route_table_id": "rtb-59597f21",
                            "route_table_id": "rtb-6624021e",
                            "vpc_id": "vpc-70240509"
                        },
                        "meta": {},
                        "tainted": false
                    },
                    "deposed": [],
                    "provider": ""
                },
                "aws_route_table.main": {
                    "type": "aws_route_table",
                    "depends_on": [
                        "aws_internet_gateway.main",
                        "aws_vpc.main"
                    ],
                    "primary": {
                        "id": "rtb-6624021e",
                        "attributes": {
                            "id": "rtb-6624021e",
                            "propagating_vgws.#": "0",
                            "route.#": "1",
                            "route.736400977.cidr_block": "0.0.0.0/0",
                            "route.736400977.egress_only_gateway_id": "",
                            "route.736400977.gateway_id": "igw-5bbbcb3d",
                            "route.736400977.instance_id": "",
                            "route.736400977.ipv6_cidr_block": "",
                            "route.736400977.nat_gateway_id": "",
                            "route.736400977.network_interface_id": "",
                            "route.736400977.vpc_peering_connection_id": "",
                            "tags.%": "2",
                            "tags.KubernetesCluster": "mantl",
                            "tags.Name": "mantl",
                            "vpc_id": "vpc-70240509"
                        },
                        "meta": {},
                        "tainted": false
                    },
                    "deposed": [],
                    "provider": ""
                },
                "aws_route_table_association.main.0": {
                    "type": "aws_route_table_association",
                    "depends_on": [
                        "aws_route_table.main",
                        "aws_subnet.main.*"
                    ],
                    "primary": {
                        "id": "rtbassoc-b00e76ca",
                        "attributes": {
                            "id": "rtbassoc-b00e76ca",
                            "route_table_id": "rtb-6624021e",
                            "subnet_id": "subnet-e24de0a9"
                        },
                        "meta": {},
                        "tainted": false
                    },
                    "deposed": [],
                    "provider": ""
                },
                "aws_route_table_association.main.1": {
                    "type": "aws_route_table_association",
                    "depends_on": [
                        "aws_route_table.main",
                        "aws_subnet.main.*"
                    ],
                    "primary": {
                        "id": "rtbassoc-b10e76cb",
                        "attributes": {
                            "id": "rtbassoc-b10e76cb",
                            "route_table_id": "rtb-6624021e",
                            "subnet_id": "subnet-b96deec0"
                        },
                        "meta": {},
                        "tainted": false
                    },
                    "deposed": [],
                    "provider": ""
                },
                "aws_route_table_association.main.2": {
                    "type": "aws_route_table_association",
                    "depends_on": [
                        "aws_route_table.main",
                        "aws_subnet.main.*"
                    ],
                    "primary": {
                        "id": "rtbassoc-7b0e7601",
                        "attributes": {
                            "id": "rtbassoc-7b0e7601",
                            "route_table_id": "rtb-6624021e",
                            "subnet_id": "subnet-98f493c2"
                        },
                        "meta": {},
                        "tainted": false
                    },
                    "deposed": [],
                    "provider": ""
                },
                "aws_subnet.main.0": {
                    "type": "aws_subnet",
                    "depends_on": [
                        "aws_vpc.main"
                    ],
                    "primary": {
                        "id": "subnet-e24de0a9",
                        "attributes": {
                            "assign_ipv6_address_on_creation": "false",
                            "availability_zone": "us-west-2a",
                            "cidr_block": "10.1.1.0/24",
                            "id": "subnet-e24de0a9",
                            "map_public_ip_on_launch": "false",
                            "tags.%": "2",
                            "tags.KubernetesCluster": "mantl",
                            "tags.Name": "mantl",
                            "vpc_id": "vpc-70240509"
                        },
                        "meta": {
                            "schema_version": "1"
                        },
                        "tainted": false
                    },
                    "deposed": [],
                    "provider": ""
                },
                "aws_subnet.main.1": {
                    "type": "aws_subnet",
                    "depends_on": [
                        "aws_vpc.main"
                    ],
                    "primary": {
                        "id": "subnet-b96deec0",
                        "attributes": {
                            "assign_ipv6_address_on_creation": "false",
                            "availability_zone": "us-west-2b",
                            "cidr_block": "10.1.2.0/24",
                            "id": "subnet-b96deec0",
                            "map_public_ip_on_launch": "false",
                            "tags.%": "2",
                            "tags.KubernetesCluster": "mantl",
                            "tags.Name": "mantl",
                            "vpc_id": "vpc-70240509"
                        },
                        "meta": {
                            "schema_version": "1"
                        },
                        "tainted": false
                    },
                    "deposed": [],
                    "provider": ""
                },
                "aws_subnet.main.2": {
                    "type": "aws_subnet",
                    "depends_on": [
                        "aws_vpc.main"
                    ],
                    "primary": {
                        "id": "subnet-98f493c2",
                        "attributes": {
                            "assign_ipv6_address_on_creation": "false",
                            "availability_zone": "us-west-2c",
                            "cidr_block": "10.1.3.0/24",
                            "id": "subnet-98f493c2",
                            "map_public_ip_on_launch": "false",
                            "tags.%": "2",
                            "tags.KubernetesCluster": "mantl",
                            "tags.Name": "mantl",
                            "vpc_id": "vpc-70240509"
                        },
                        "meta": {
                            "schema_version": "1"
                        },
                        "tainted": false
                    },
                    "deposed": [],
                    "provider": ""
                },
                "aws_vpc.main": {
                    "type": "aws_vpc",
                    "depends_on": [],
                    "primary": {
                        "id": "vpc-70240509",
                        "attributes": {
                            "assign_generated_ipv6_cidr_block": "false",
                            "cidr_block": "10.1.0.0/21",
                            "default_network_acl_id": "acl-cc872fb4",
                            "default_route_table_id": "rtb-59597f21",
                            "default_security_group_id": "sg-3139774f",
                            "dhcp_options_id": "dopt-89209ded",
                            "enable_classiclink": "false",
                            "enable_dns_hostnames": "true",
                            "enable_dns_support": "true",
                            "id": "vpc-70240509",
                            "instance_tenancy": "default",
                            "main_route_table_id": "rtb-59597f21",
                            "tags.%": "2",
                            "tags.KubernetesCluster": "mantl",
                            "tags.Name": "mantl"
                        },
                        "meta": {
                            "schema_version": "1"
                        },
                        "tainted": false
                    },
                    "deposed": [],
                    "provider": ""
                }
            },
            "depends_on": []
        },
        {
            "path": [
                "root",
                "worker-nodes"
            ],
            "outputs": {
                "ec2_ids": {
                    "sensitive": false,
                    "type": "string",
                    "value": ""
                },
                "ec2_ips": {
                    "sensitive": false,
                    "type": "string",
                    "value": ""
                },
                "hostname_list": {
                    "sensitive": false,
                    "type": "string",
                    "value": ""
                }
            },
            "resources": {},
            "depends_on": []
        }
    ]
}
